
Microsoft Visual Studio Solution File, Format Version 12.00
# Visual Studio 15
VisualStudioVersion = 15.0.28307.1321
MinimumVisualStudioVersion = 10.0.40219.1
Project("{8BC9CEB8-8B4A-11D0-8D11-00A0C91BC942}") = "2304_창고다갹형", "2304_창고다갹형\2304_창고다갹형.vcxproj", "{03F49DC1-3C4A-437A-A0E5-5465C6256D31}"
EndProject
Global
	GlobalSection(SolutionConfigurationPlatforms) = preSolution
		Debug|x64 = Debug|x64
		Debug|x86 = Debug|x86
		Release|x64 = Release|x64
		Release|x86 = Release|x86
	EndGlobalSection
	GlobalSection(ProjectConfigurationPlatforms) = postSolution
		{03F49DC1-3C4A-437A-A0E5-5465C6256D31}.Debug|x64.ActiveCfg = Debug|x64
		{03F49DC1-3C4A-437A-A0E5-5465C6256D31}.Debug|x64.Build.0 = Debug|x64
		{03F49DC1-3C4A-437A-A0E5-5465C6256D31}.Debug|x86.ActiveCfg = Debug|Win32
		{03F49DC1-3C4A-437A-A0E5-5465C6256D31}.Debug|x86.Build.0 = Debug|Win32
		{03F49DC1-3C4A-437A-A0E5-5465C6256D31}.Release|x64.ActiveCfg = Release|x64
		{03F49DC1-3C4A-437A-A0E5-5465C6256D31}.Release|x64.Build.0 = Release|x64
		{03F49DC1-3C4A-437A-A0E5-5465C6256D31}.Release|x86.ActiveCfg = Release|Win32
		{03F49DC1-3C4A-437A-A0E5-5465C6256D31}.Release|x86.Build.0 = Release|Win32
	EndGlobalSection
	GlobalSection(SolutionProperties) = preSolution
		HideSolutionNode = FALSE
	EndGlobalSection
	GlobalSection(ExtensibilityGlobals) = postSolution
		SolutionGuid = {8E0499F7-3177-48DA-BDD6-0AAC48D9E371}
	EndGlobalSection
EndGlobal
